
Microsoft Visual Studio Solution File, Format Version 12.00
# Visual Studio Version 16
VisualStudioVersion = 16.0.31729.503
MinimumVisualStudioVersion = 10.0.40219.1
Project("{FAE04EC0-301F-11D3-BF4B-00C04F79EFBC}") = "pusokbeata_lab2", "pusokbeata_lab2.csproj", "{A8E68A91-D46D-474C-A999-5DF57AD5EC9F}"
EndProject
Global
	GlobalSection(SolutionConfigurationPlatforms) = preSolution
		Debug|Any CPU = Debug|Any CPU
		Release|Any CPU = Release|Any CPU
	EndGlobalSection
	GlobalSection(ProjectConfigurationPlatforms) = postSolution
		{A8E68A91-D46D-474C-A999-5DF57AD5EC9F}.Debug|Any CPU.ActiveCfg = Debug|Any CPU
		{A8E68A91-D46D-474C-A999-5DF57AD5EC9F}.Debug|Any CPU.Build.0 = Debug|Any CPU
		{A8E68A91-D46D-474C-A999-5DF57AD5EC9F}.Release|Any CPU.ActiveCfg = Release|Any CPU
		{A8E68A91-D46D-474C-A999-5DF57AD5EC9F}.Release|Any CPU.Build.0 = Release|Any CPU
	EndGlobalSection
	GlobalSection(SolutionProperties) = preSolution
		HideSolutionNode = FALSE
	EndGlobalSection
	GlobalSection(ExtensibilityGlobals) = postSolution
		SolutionGuid = {42007D5B-D001-4708-9B75-ED0333698972}
	EndGlobalSection
EndGlobal
